
Microsoft Visual Studio Solution File, Format Version 12.00
# Visual Studio Version 17
VisualStudioVersion = 17.5.33502.453
MinimumVisualStudioVersion = 10.0.40219.1
Project("{FAE04EC0-301F-11D3-BF4B-00C04F79EFBC}") = "OnlineRechargeApplication", "OnlineRechargeApplication\OnlineRechargeApplication.csproj", "{0CF0A368-28E5-44E8-9C8A-74E9E41421FD}"
EndProject
Global
	GlobalSection(SolutionConfigurationPlatforms) = preSolution
		Debug|Any CPU = Debug|Any CPU
		Release|Any CPU = Release|Any CPU
	EndGlobalSection
	GlobalSection(ProjectConfigurationPlatforms) = postSolution
		{0CF0A368-28E5-44E8-9C8A-74E9E41421FD}.Debug|Any CPU.ActiveCfg = Debug|Any CPU
		{0CF0A368-28E5-44E8-9C8A-74E9E41421FD}.Debug|Any CPU.Build.0 = Debug|Any CPU
		{0CF0A368-28E5-44E8-9C8A-74E9E41421FD}.Release|Any CPU.ActiveCfg = Release|Any CPU
		{0CF0A368-28E5-44E8-9C8A-74E9E41421FD}.Release|Any CPU.Build.0 = Release|Any CPU
	EndGlobalSection
	GlobalSection(SolutionProperties) = preSolution
		HideSolutionNode = FALSE
	EndGlobalSection
	GlobalSection(ExtensibilityGlobals) = postSolution
		SolutionGuid = {5BED073D-2ABE-4AAC-B47E-F4CECA4746A0}
	EndGlobalSection
EndGlobal
